
Microsoft Visual Studio Solution File, Format Version 12.00
# Visual Studio Version 16
VisualStudioVersion = 16.0.31702.278
MinimumVisualStudioVersion = 10.0.40219.1
Project("{FAE04EC0-301F-11D3-BF4B-00C04F79EFBC}") = "WpfApp5", "WpfApp5\WpfApp5.csproj", "{447A93F7-78AB-4350-A1A1-056C41C3CED1}"
EndProject
Global
	GlobalSection(SolutionConfigurationPlatforms) = preSolution
		Debug|Any CPU = Debug|Any CPU
		Release|Any CPU = Release|Any CPU
	EndGlobalSection
	GlobalSection(ProjectConfigurationPlatforms) = postSolution
		{447A93F7-78AB-4350-A1A1-056C41C3CED1}.Debug|Any CPU.ActiveCfg = Debug|Any CPU
		{447A93F7-78AB-4350-A1A1-056C41C3CED1}.Debug|Any CPU.Build.0 = Debug|Any CPU
		{447A93F7-78AB-4350-A1A1-056C41C3CED1}.Release|Any CPU.ActiveCfg = Release|Any CPU
		{447A93F7-78AB-4350-A1A1-056C41C3CED1}.Release|Any CPU.Build.0 = Release|Any CPU
	EndGlobalSection
	GlobalSection(SolutionProperties) = preSolution
		HideSolutionNode = FALSE
	EndGlobalSection
	GlobalSection(ExtensibilityGlobals) = postSolution
		SolutionGuid = {47FC4499-875F-4C19-9E6E-E03C415C7115}
	EndGlobalSection
EndGlobal
